Microsoft Visual Studio Solution File, Format Version 11.00
# Visual Studio 2008

Project("{F7DB8609-19E0-9314-8BFD-37E38457A2FA}") = "Animal Rescue", "Assembly-CSharp-firstpass.csproj", "{62D64AA6-8BEE-9915-3FD6-C80FAF95AB9F}"
EndProject
Project("{F7DB8609-19E0-9314-8BFD-37E38457A2FA}") = "Animal Rescue", "Assembly-CSharp.csproj", "{41F16759-B462-4C0A-134F-1DC790062FE6}"
EndProject
Project("{F7DB8609-19E0-9314-8BFD-37E38457A2FA}") = "Animal Rescue", "Assembly-CSharp-Editor.csproj", "{674A5573-25FC-2E44-8968-E85524DB77F6}"
EndProject
Global
	GlobalSection(SolutionConfigurationPlatforms) = preSolution
		Debug|Any CPU = Debug|Any CPU
		Release|Any CPU = Release|Any CPU
	EndGlobalSection
	GlobalSection(ProjectConfigurationPlatforms) = postSolution
		{62D64AA6-8BEE-9915-3FD6-C80FAF95AB9F}.Debug|Any CPU.ActiveCfg = Debug|Any CPU
		{62D64AA6-8BEE-9915-3FD6-C80FAF95AB9F}.Debug|Any CPU.Build.0 = Debug|Any CPU
		{62D64AA6-8BEE-9915-3FD6-C80FAF95AB9F}.Release|Any CPU.ActiveCfg = Release|Any CPU
		{62D64AA6-8BEE-9915-3FD6-C80FAF95AB9F}.Release|Any CPU.Build.0 = Release|Any CPU
		{41F16759-B462-4C0A-134F-1DC790062FE6}.Debug|Any CPU.ActiveCfg = Debug|Any CPU
		{41F16759-B462-4C0A-134F-1DC790062FE6}.Debug|Any CPU.Build.0 = Debug|Any CPU
		{41F16759-B462-4C0A-134F-1DC790062FE6}.Release|Any CPU.ActiveCfg = Release|Any CPU
		{41F16759-B462-4C0A-134F-1DC790062FE6}.Release|Any CPU.Build.0 = Release|Any CPU
		{674A5573-25FC-2E44-8968-E85524DB77F6}.Debug|Any CPU.ActiveCfg = Debug|Any CPU
		{674A5573-25FC-2E44-8968-E85524DB77F6}.Debug|Any CPU.Build.0 = Debug|Any CPU
		{674A5573-25FC-2E44-8968-E85524DB77F6}.Release|Any CPU.ActiveCfg = Release|Any CPU
		{674A5573-25FC-2E44-8968-E85524DB77F6}.Release|Any CPU.Build.0 = Release|Any CPU
	EndGlobalSection
	GlobalSection(SolutionProperties) = preSolution
		HideSolutionNode = FALSE
	EndGlobalSection
																																																																																																																																																			GlobalSection(MonoDevelopProperties) = preSolution
		StartupItem = Assembly-CSharp.csproj
		Policies = $0
		$0.TextStylePolicy = $1
		$1.inheritsSet = null
		$1.scope = text/x-csharp
		$0.CSharpFormattingPolicy = $2
		$2.inheritsSet = Mono
		$2.inheritsScope = text/x-csharp
		$2.scope = text/x-csharp
		$0.TextStylePolicy = $3
		$3.FileWidth = 120
		$3.TabWidth = 4
		$3.IndentWidth = 4
		$3.EolMarker = Unix
		$3.inheritsSet = Mono
		$3.inheritsScope = text/plain
		$3.scope = text/plain
	EndGlobalSection

EndGlobal
